
Microsoft Visual Studio Solution File, Format Version 12.00
# Visual Studio Version 17
VisualStudioVersion = 17.0.31903.59
MinimumVisualStudioVersion = 10.0.40219.1
Project("{FAE04EC0-301F-11D3-BF4B-00C04F79EFBC}") = "EventPlanner.Application", "EventPlanner.Application\EventPlanner.Application.csproj", "{4676F932-660B-465C-86D3-38D8AF2E358B}"
EndProject
Project("{FAE04EC0-301F-11D3-BF4B-00C04F79EFBC}") = "EventPlanner.Data", "EventPlanner.Data\EventPlanner.Data.csproj", "{D8B45AEA-491B-4811-AC55-A4A817413255}"
EndProject
Project("{FAE04EC0-301F-11D3-BF4B-00C04F79EFBC}") = "EventPlanner.Infrastructure", "EventPlanner.Infrastructure\EventPlanner.Infrastructure.csproj", "{6AC99612-865F-4A71-BF02-CC531799E7A3}"
EndProject
Project("{FAE04EC0-301F-11D3-BF4B-00C04F79EFBC}") = "EventPlanner.API", "EventPlanner.API\EventPlanner.API.csproj", "{A7FE9DAD-8C2B-4559-8324-54C4714021A3}"
EndProject
Project("{FAE04EC0-301F-11D3-BF4B-00C04F79EFBC}") = "EventPlanner.Web", "EventPlanner.Web\EventPlanner.Web.csproj", "{AC874D73-F3B6-41E1-972D-A61333E05E25}"
EndProject
Project("{FAE04EC0-301F-11D3-BF4B-00C04F79EFBC}") = "EventPlanner.Tests", "EventPlanner.Tests\EventPlanner.Tests.csproj", "{8CF01EFF-A0C1-465A-B413-6630C7676B32}"
EndProject
Global
	GlobalSection(SolutionConfigurationPlatforms) = preSolution
		Debug|Any CPU = Debug|Any CPU
		Debug|x64 = Debug|x64
		Debug|x86 = Debug|x86
		Release|Any CPU = Release|Any CPU
		Release|x64 = Release|x64
		Release|x86 = Release|x86
	EndGlobalSection
	GlobalSection(ProjectConfigurationPlatforms) = postSolution
		{4676F932-660B-465C-86D3-38D8AF2E358B}.Debug|Any CPU.ActiveCfg = Debug|Any CPU
		{4676F932-660B-465C-86D3-38D8AF2E358B}.Debug|Any CPU.Build.0 = Debug|Any CPU
		{4676F932-660B-465C-86D3-38D8AF2E358B}.Debug|x64.ActiveCfg = Debug|Any CPU
		{4676F932-660B-465C-86D3-38D8AF2E358B}.Debug|x64.Build.0 = Debug|Any CPU
		{4676F932-660B-465C-86D3-38D8AF2E358B}.Debug|x86.ActiveCfg = Debug|Any CPU
		{4676F932-660B-465C-86D3-38D8AF2E358B}.Debug|x86.Build.0 = Debug|Any CPU
		{4676F932-660B-465C-86D3-38D8AF2E358B}.Release|Any CPU.ActiveCfg = Release|Any CPU
		{4676F932-660B-465C-86D3-38D8AF2E358B}.Release|Any CPU.Build.0 = Release|Any CPU
		{4676F932-660B-465C-86D3-38D8AF2E358B}.Release|x64.ActiveCfg = Release|Any CPU
		{4676F932-660B-465C-86D3-38D8AF2E358B}.Release|x64.Build.0 = Release|Any CPU
		{4676F932-660B-465C-86D3-38D8AF2E358B}.Release|x86.ActiveCfg = Release|Any CPU
		{4676F932-660B-465C-86D3-38D8AF2E358B}.Release|x86.Build.0 = Release|Any CPU
		{D8B45AEA-491B-4811-AC55-A4A817413255}.Debug|Any CPU.ActiveCfg = Debug|Any CPU
		{D8B45AEA-491B-4811-AC55-A4A817413255}.Debug|Any CPU.Build.0 = Debug|Any CPU
		{D8B45AEA-491B-4811-AC55-A4A817413255}.Debug|x64.ActiveCfg = Debug|Any CPU
		{D8B45AEA-491B-4811-AC55-A4A817413255}.Debug|x64.Build.0 = Debug|Any CPU
		{D8B45AEA-491B-4811-AC55-A4A817413255}.Debug|x86.ActiveCfg = Debug|Any CPU
		{D8B45AEA-491B-4811-AC55-A4A817413255}.Debug|x86.Build.0 = Debug|Any CPU
		{D8B45AEA-491B-4811-AC55-A4A817413255}.Release|Any CPU.ActiveCfg = Release|Any CPU
		{D8B45AEA-491B-4811-AC55-A4A817413255}.Release|Any CPU.Build.0 = Release|Any CPU
		{D8B45AEA-491B-4811-AC55-A4A817413255}.Release|x64.ActiveCfg = Release|Any CPU
		{D8B45AEA-491B-4811-AC55-A4A817413255}.Release|x64.Build.0 = Release|Any CPU
		{D8B45AEA-491B-4811-AC55-A4A817413255}.Release|x86.ActiveCfg = Release|Any CPU
		{D8B45AEA-491B-4811-AC55-A4A817413255}.Release|x86.Build.0 = Release|Any CPU
		{6AC99612-865F-4A71-BF02-CC531799E7A3}.Debug|Any CPU.ActiveCfg = Debug|Any CPU
		{6AC99612-865F-4A71-BF02-CC531799E7A3}.Debug|Any CPU.Build.0 = Debug|Any CPU
		{6AC99612-865F-4A71-BF02-CC531799E7A3}.Debug|x64.ActiveCfg = Debug|Any CPU
		{6AC99612-865F-4A71-BF02-CC531799E7A3}.Debug|x64.Build.0 = Debug|Any CPU
		{6AC99612-865F-4A71-BF02-CC531799E7A3}.Debug|x86.ActiveCfg = Debug|Any CPU
		{6AC99612-865F-4A71-BF02-CC531799E7A3}.Debug|x86.Build.0 = Debug|Any CPU
		{6AC99612-865F-4A71-BF02-CC531799E7A3}.Release|Any CPU.ActiveCfg = Release|Any CPU
		{6AC99612-865F-4A71-BF02-CC531799E7A3}.Release|Any CPU.Build.0 = Release|Any CPU
		{6AC99612-865F-4A71-BF02-CC531799E7A3}.Release|x64.ActiveCfg = Release|Any CPU
		{6AC99612-865F-4A71-BF02-CC531799E7A3}.Release|x64.Build.0 = Release|Any CPU
		{6AC99612-865F-4A71-BF02-CC531799E7A3}.Release|x86.ActiveCfg = Release|Any CPU
		{6AC99612-865F-4A71-BF02-CC531799E7A3}.Release|x86.Build.0 = Release|Any CPU
		{A7FE9DAD-8C2B-4559-8324-54C4714021A3}.Debug|Any CPU.ActiveCfg = Debug|Any CPU
		{A7FE9DAD-8C2B-4559-8324-54C4714021A3}.Debug|Any CPU.Build.0 = Debug|Any CPU
		{A7FE9DAD-8C2B-4559-8324-54C4714021A3}.Debug|x64.ActiveCfg = Debug|Any CPU
		{A7FE9DAD-8C2B-4559-8324-54C4714021A3}.Debug|x64.Build.0 = Debug|Any CPU
		{A7FE9DAD-8C2B-4559-8324-54C4714021A3}.Debug|x86.ActiveCfg = Debug|Any CPU
		{A7FE9DAD-8C2B-4559-8324-54C4714021A3}.Debug|x86.Build.0 = Debug|Any CPU
		{A7FE9DAD-8C2B-4559-8324-54C4714021A3}.Release|Any CPU.ActiveCfg = Release|Any CPU
		{A7FE9DAD-8C2B-4559-8324-54C4714021A3}.Release|Any CPU.Build.0 = Release|Any CPU
		{A7FE9DAD-8C2B-4559-8324-54C4714021A3}.Release|x64.ActiveCfg = Release|Any CPU
		{A7FE9DAD-8C2B-4559-8324-54C4714021A3}.Release|x64.Build.0 = Release|Any CPU
		{A7FE9DAD-8C2B-4559-8324-54C4714021A3}.Release|x86.ActiveCfg = Release|Any CPU
		{A7FE9DAD-8C2B-4559-8324-54C4714021A3}.Release|x86.Build.0 = Release|Any CPU
		{AC874D73-F3B6-41E1-972D-A61333E05E25}.Debug|Any CPU.ActiveCfg = Debug|Any CPU
		{AC874D73-F3B6-41E1-972D-A61333E05E25}.Debug|Any CPU.Build.0 = Debug|Any CPU
		{AC874D73-F3B6-41E1-972D-A61333E05E25}.Debug|x64.ActiveCfg = Debug|Any CPU
		{AC874D73-F3B6-41E1-972D-A61333E05E25}.Debug|x64.Build.0 = Debug|Any CPU
		{AC874D73-F3B6-41E1-972D-A61333E05E25}.Debug|x86.ActiveCfg = Debug|Any CPU
		{AC874D73-F3B6-41E1-972D-A61333E05E25}.Debug|x86.Build.0 = Debug|Any CPU
		{AC874D73-F3B6-41E1-972D-A61333E05E25}.Release|Any CPU.ActiveCfg = Release|Any CPU
		{AC874D73-F3B6-41E1-972D-A61333E05E25}.Release|Any CPU.Build.0 = Release|Any CPU
		{AC874D73-F3B6-41E1-972D-A61333E05E25}.Release|x64.ActiveCfg = Release|Any CPU
		{AC874D73-F3B6-41E1-972D-A61333E05E25}.Release|x64.Build.0 = Release|Any CPU
		{AC874D73-F3B6-41E1-972D-A61333E05E25}.Release|x86.ActiveCfg = Release|Any CPU
		{AC874D73-F3B6-41E1-972D-A61333E05E25}.Release|x86.Build.0 = Release|Any CPU
		{8CF01EFF-A0C1-465A-B413-6630C7676B32}.Debug|Any CPU.ActiveCfg = Debug|Any CPU
		{8CF01EFF-A0C1-465A-B413-6630C7676B32}.Debug|Any CPU.Build.0 = Debug|Any CPU
		{8CF01EFF-A0C1-465A-B413-6630C7676B32}.Debug|x64.ActiveCfg = Debug|Any CPU
		{8CF01EFF-A0C1-465A-B413-6630C7676B32}.Debug|x64.Build.0 = Debug|Any CPU
		{8CF01EFF-A0C1-465A-B413-6630C7676B32}.Debug|x86.ActiveCfg = Debug|Any CPU
		{8CF01EFF-A0C1-465A-B413-6630C7676B32}.Debug|x86.Build.0 = Debug|Any CPU
		{8CF01EFF-A0C1-465A-B413-6630C7676B32}.Release|Any CPU.ActiveCfg = Release|Any CPU
		{8CF01EFF-A0C1-465A-B413-6630C7676B32}.Release|Any CPU.Build.0 = Release|Any CPU
		{8CF01EFF-A0C1-465A-B413-6630C7676B32}.Release|x64.ActiveCfg = Release|Any CPU
		{8CF01EFF-A0C1-465A-B413-6630C7676B32}.Release|x64.Build.0 = Release|Any CPU
		{8CF01EFF-A0C1-465A-B413-6630C7676B32}.Release|x86.ActiveCfg = Release|Any CPU
		{8CF01EFF-A0C1-465A-B413-6630C7676B32}.Release|x86.Build.0 = Release|Any CPU
	EndGlobalSection
	GlobalSection(SolutionProperties) = preSolution
		HideSolutionNode = FALSE
	EndGlobalSection
	GlobalSection(NestedProjects) = preSolution
	EndGlobalSection
EndGlobal
